
Microsoft Visual Studio Solution File, Format Version 12.00
# Visual Studio 15
VisualStudioVersion = 15.0.26403.7
MinimumVisualStudioVersion = 10.0.40219.1
Project("{FAE04EC0-301F-11D3-BF4B-00C04F79EFBC}") = "InterflowFramework", "InterflowFramework\InterflowFramework.csproj", "{06B978F7-7D9A-4D1A-A2BF-1BE33465A0F1}"
EndProject
Project("{FAE04EC0-301F-11D3-BF4B-00C04F79EFBC}") = "InterflowFrameworkRunner", "InterflowFrameworkRunner\InterflowFrameworkRunner.csproj", "{66589B81-8B69-49AD-A131-D591CFC05228}"
EndProject
Project("{FAE04EC0-301F-11D3-BF4B-00C04F79EFBC}") = "InterflowFramework.Telegram", "InterflowFrameworkTelegram\InterflowFramework.Telegram.csproj", "{9B56C2F0-F3FA-4575-B1FC-A4E90C55B5C0}"
EndProject
Project("{FAE04EC0-301F-11D3-BF4B-00C04F79EFBC}") = "InterflowFramework.Email", "InterflowFrameworkEmail\InterflowFramework.Email.csproj", "{FC84C199-34A2-41C9-B65C-A6960ADD1B84}"
EndProject
Project("{2150E333-8FDC-42A3-9474-1A3956D46DE8}") = "Test", "Test", "{A1E21A75-AEE1-43B2-A9A6-6D338F90A31C}"
EndProject
Project("{FAE04EC0-301F-11D3-BF4B-00C04F79EFBC}") = "InterflowFramework_Test", "InterflowFramework_Test\InterflowFramework_Test.csproj", "{1C0AD29C-B86B-4D98-AA59-15233B395951}"
EndProject
Project("{FAE04EC0-301F-11D3-BF4B-00C04F79EFBC}") = "InternalFramework.NetMQ", "InternalFramework.NetMQ\InternalFramework.NetMQ.csproj", "{75FCD275-6972-4BF1-BA9D-D6BCA41E92B4}"
EndProject
Project("{2150E333-8FDC-42A3-9474-1A3956D46DE8}") = "Runner", "Runner", "{EC5B7ED9-69B8-4A91-BE23-C762618D0954}"
EndProject
Project("{FAE04EC0-301F-11D3-BF4B-00C04F79EFBC}") = "NetMqRunnerClient", "NetMqRunnerClient\NetMqRunnerClient.csproj", "{BB04D4F3-2EAC-4C79-91B4-33A80720E303}"
EndProject
Project("{FAE04EC0-301F-11D3-BF4B-00C04F79EFBC}") = "NetMqRunnerServer", "NetMqRunnerServer\NetMqRunnerServer.csproj", "{B938FFB3-F4D5-46E0-9BBC-0429FEE6A11B}"
EndProject
Project("{FAE04EC0-301F-11D3-BF4B-00C04F79EFBC}") = "InterflowFramework.RabbitMq", "InterflowFramework.RabbitMq\InterflowFramework.RabbitMq.csproj", "{F0096F5E-9CF5-45EB-A52B-3FF4B2706FE9}"
EndProject
Project("{FAE04EC0-301F-11D3-BF4B-00C04F79EFBC}") = "InternalFrameworkRunner.RabbitMq", "InternalFrameworkRunner.RabbitMq2\InternalFrameworkRunner.RabbitMq.csproj", "{E30B70DC-F3AC-44D8-8770-87F50EFB8C20}"
EndProject
Project("{FAE04EC0-301F-11D3-BF4B-00C04F79EFBC}") = "InterflowFrameworkRunner.RabbitMqInput", "InterflowFrameworkRunner.RabbitMqInput\InterflowFrameworkRunner.RabbitMqInput.csproj", "{0919432C-B414-45E4-BD41-794FF8B1C818}"
EndProject
Project("{FAE04EC0-301F-11D3-BF4B-00C04F79EFBC}") = "InterflowFrameworkRunner.RabbitMqOutput", "InterflowFrameworkRunner.RabbitMqOutput\InterflowFrameworkRunner.RabbitMqOutput.csproj", "{0B62CAC5-9CA5-4EF6-8B5F-DCDBD602C0F6}"
EndProject
Project("{FAE04EC0-301F-11D3-BF4B-00C04F79EFBC}") = "InternalFrameworkRunner.PointFactory", "InternalFrameworkRunner.PointFactory\InternalFrameworkRunner.PointFactory.csproj", "{C784FB23-3C07-4187-9A7D-8BEFD47128FB}"
EndProject
Project("{FAE04EC0-301F-11D3-BF4B-00C04F79EFBC}") = "InternalFramework.Nancy", "InternalFramework.Nancy\InternalFramework.Nancy.csproj", "{06E643DD-AC19-4D0B-BAE8-B8CA05C2FE07}"
EndProject
Project("{FAE04EC0-301F-11D3-BF4B-00C04F79EFBC}") = "InternalFramework.NencyInPoint", "InternalFramework.NencyInPoint\InternalFramework.NencyInPoint.csproj", "{06250ED3-E459-4FFD-92F2-9EBBC1B074A6}"
EndProject
Global
	GlobalSection(SolutionConfigurationPlatforms) = preSolution
		Debug|Any CPU = Debug|Any CPU
		Release|Any CPU = Release|Any CPU
	EndGlobalSection
	GlobalSection(ProjectConfigurationPlatforms) = postSolution
		{06B978F7-7D9A-4D1A-A2BF-1BE33465A0F1}.Debug|Any CPU.ActiveCfg = Debug|Any CPU
		{06B978F7-7D9A-4D1A-A2BF-1BE33465A0F1}.Debug|Any CPU.Build.0 = Debug|Any CPU
		{06B978F7-7D9A-4D1A-A2BF-1BE33465A0F1}.Release|Any CPU.ActiveCfg = Release|Any CPU
		{06B978F7-7D9A-4D1A-A2BF-1BE33465A0F1}.Release|Any CPU.Build.0 = Release|Any CPU
		{66589B81-8B69-49AD-A131-D591CFC05228}.Debug|Any CPU.ActiveCfg = Debug|Any CPU
		{66589B81-8B69-49AD-A131-D591CFC05228}.Debug|Any CPU.Build.0 = Debug|Any CPU
		{66589B81-8B69-49AD-A131-D591CFC05228}.Release|Any CPU.ActiveCfg = Release|Any CPU
		{66589B81-8B69-49AD-A131-D591CFC05228}.Release|Any CPU.Build.0 = Release|Any CPU
		{9B56C2F0-F3FA-4575-B1FC-A4E90C55B5C0}.Debug|Any CPU.ActiveCfg = Debug|Any CPU
		{9B56C2F0-F3FA-4575-B1FC-A4E90C55B5C0}.Debug|Any CPU.Build.0 = Debug|Any CPU
		{9B56C2F0-F3FA-4575-B1FC-A4E90C55B5C0}.Release|Any CPU.ActiveCfg = Release|Any CPU
		{9B56C2F0-F3FA-4575-B1FC-A4E90C55B5C0}.Release|Any CPU.Build.0 = Release|Any CPU
		{FC84C199-34A2-41C9-B65C-A6960ADD1B84}.Debug|Any CPU.ActiveCfg = Debug|Any CPU
		{FC84C199-34A2-41C9-B65C-A6960ADD1B84}.Debug|Any CPU.Build.0 = Debug|Any CPU
		{FC84C199-34A2-41C9-B65C-A6960ADD1B84}.Release|Any CPU.ActiveCfg = Release|Any CPU
		{FC84C199-34A2-41C9-B65C-A6960ADD1B84}.Release|Any CPU.Build.0 = Release|Any CPU
		{1C0AD29C-B86B-4D98-AA59-15233B395951}.Debug|Any CPU.ActiveCfg = Debug|Any CPU
		{1C0AD29C-B86B-4D98-AA59-15233B395951}.Debug|Any CPU.Build.0 = Debug|Any CPU
		{1C0AD29C-B86B-4D98-AA59-15233B395951}.Release|Any CPU.ActiveCfg = Release|Any CPU
		{1C0AD29C-B86B-4D98-AA59-15233B395951}.Release|Any CPU.Build.0 = Release|Any CPU
		{75FCD275-6972-4BF1-BA9D-D6BCA41E92B4}.Debug|Any CPU.ActiveCfg = Debug|Any CPU
		{75FCD275-6972-4BF1-BA9D-D6BCA41E92B4}.Debug|Any CPU.Build.0 = Debug|Any CPU
		{75FCD275-6972-4BF1-BA9D-D6BCA41E92B4}.Release|Any CPU.ActiveCfg = Release|Any CPU
		{75FCD275-6972-4BF1-BA9D-D6BCA41E92B4}.Release|Any CPU.Build.0 = Release|Any CPU
		{BB04D4F3-2EAC-4C79-91B4-33A80720E303}.Debug|Any CPU.ActiveCfg = Debug|Any CPU
		{BB04D4F3-2EAC-4C79-91B4-33A80720E303}.Debug|Any CPU.Build.0 = Debug|Any CPU
		{BB04D4F3-2EAC-4C79-91B4-33A80720E303}.Release|Any CPU.ActiveCfg = Release|Any CPU
		{BB04D4F3-2EAC-4C79-91B4-33A80720E303}.Release|Any CPU.Build.0 = Release|Any CPU
		{B938FFB3-F4D5-46E0-9BBC-0429FEE6A11B}.Debug|Any CPU.ActiveCfg = Debug|Any CPU
		{B938FFB3-F4D5-46E0-9BBC-0429FEE6A11B}.Debug|Any CPU.Build.0 = Debug|Any CPU
		{B938FFB3-F4D5-46E0-9BBC-0429FEE6A11B}.Release|Any CPU.ActiveCfg = Release|Any CPU
		{B938FFB3-F4D5-46E0-9BBC-0429FEE6A11B}.Release|Any CPU.Build.0 = Release|Any CPU
		{F0096F5E-9CF5-45EB-A52B-3FF4B2706FE9}.Debug|Any CPU.ActiveCfg = Debug|Any CPU
		{F0096F5E-9CF5-45EB-A52B-3FF4B2706FE9}.Debug|Any CPU.Build.0 = Debug|Any CPU
		{F0096F5E-9CF5-45EB-A52B-3FF4B2706FE9}.Release|Any CPU.ActiveCfg = Release|Any CPU
		{F0096F5E-9CF5-45EB-A52B-3FF4B2706FE9}.Release|Any CPU.Build.0 = Release|Any CPU
		{E30B70DC-F3AC-44D8-8770-87F50EFB8C20}.Debug|Any CPU.ActiveCfg = Debug|Any CPU
		{E30B70DC-F3AC-44D8-8770-87F50EFB8C20}.Debug|Any CPU.Build.0 = Debug|Any CPU
		{E30B70DC-F3AC-44D8-8770-87F50EFB8C20}.Release|Any CPU.ActiveCfg = Release|Any CPU
		{E30B70DC-F3AC-44D8-8770-87F50EFB8C20}.Release|Any CPU.Build.0 = Release|Any CPU
		{0919432C-B414-45E4-BD41-794FF8B1C818}.Debug|Any CPU.ActiveCfg = Debug|Any CPU
		{0919432C-B414-45E4-BD41-794FF8B1C818}.Debug|Any CPU.Build.0 = Debug|Any CPU
		{0919432C-B414-45E4-BD41-794FF8B1C818}.Release|Any CPU.ActiveCfg = Release|Any CPU
		{0919432C-B414-45E4-BD41-794FF8B1C818}.Release|Any CPU.Build.0 = Release|Any CPU
		{0B62CAC5-9CA5-4EF6-8B5F-DCDBD602C0F6}.Debug|Any CPU.ActiveCfg = Debug|Any CPU
		{0B62CAC5-9CA5-4EF6-8B5F-DCDBD602C0F6}.Debug|Any CPU.Build.0 = Debug|Any CPU
		{0B62CAC5-9CA5-4EF6-8B5F-DCDBD602C0F6}.Release|Any CPU.ActiveCfg = Release|Any CPU
		{0B62CAC5-9CA5-4EF6-8B5F-DCDBD602C0F6}.Release|Any CPU.Build.0 = Release|Any CPU
		{C784FB23-3C07-4187-9A7D-8BEFD47128FB}.Debug|Any CPU.ActiveCfg = Debug|Any CPU
		{C784FB23-3C07-4187-9A7D-8BEFD47128FB}.Debug|Any CPU.Build.0 = Debug|Any CPU
		{C784FB23-3C07-4187-9A7D-8BEFD47128FB}.Release|Any CPU.ActiveCfg = Release|Any CPU
		{C784FB23-3C07-4187-9A7D-8BEFD47128FB}.Release|Any CPU.Build.0 = Release|Any CPU
		{06E643DD-AC19-4D0B-BAE8-B8CA05C2FE07}.Debug|Any CPU.ActiveCfg = Debug|Any CPU
		{06E643DD-AC19-4D0B-BAE8-B8CA05C2FE07}.Debug|Any CPU.Build.0 = Debug|Any CPU
		{06E643DD-AC19-4D0B-BAE8-B8CA05C2FE07}.Release|Any CPU.ActiveCfg = Release|Any CPU
		{06E643DD-AC19-4D0B-BAE8-B8CA05C2FE07}.Release|Any CPU.Build.0 = Release|Any CPU
		{06250ED3-E459-4FFD-92F2-9EBBC1B074A6}.Debug|Any CPU.ActiveCfg = Debug|Any CPU
		{06250ED3-E459-4FFD-92F2-9EBBC1B074A6}.Debug|Any CPU.Build.0 = Debug|Any CPU
		{06250ED3-E459-4FFD-92F2-9EBBC1B074A6}.Release|Any CPU.ActiveCfg = Release|Any CPU
		{06250ED3-E459-4FFD-92F2-9EBBC1B074A6}.Release|Any CPU.Build.0 = Release|Any CPU
	EndGlobalSection
	GlobalSection(SolutionProperties) = preSolution
		HideSolutionNode = FALSE
	EndGlobalSection
	GlobalSection(NestedProjects) = preSolution
		{66589B81-8B69-49AD-A131-D591CFC05228} = {EC5B7ED9-69B8-4A91-BE23-C762618D0954}
		{1C0AD29C-B86B-4D98-AA59-15233B395951} = {A1E21A75-AEE1-43B2-A9A6-6D338F90A31C}
		{BB04D4F3-2EAC-4C79-91B4-33A80720E303} = {EC5B7ED9-69B8-4A91-BE23-C762618D0954}
		{B938FFB3-F4D5-46E0-9BBC-0429FEE6A11B} = {EC5B7ED9-69B8-4A91-BE23-C762618D0954}
		{E30B70DC-F3AC-44D8-8770-87F50EFB8C20} = {EC5B7ED9-69B8-4A91-BE23-C762618D0954}
		{0919432C-B414-45E4-BD41-794FF8B1C818} = {EC5B7ED9-69B8-4A91-BE23-C762618D0954}
		{0B62CAC5-9CA5-4EF6-8B5F-DCDBD602C0F6} = {EC5B7ED9-69B8-4A91-BE23-C762618D0954}
		{C784FB23-3C07-4187-9A7D-8BEFD47128FB} = {EC5B7ED9-69B8-4A91-BE23-C762618D0954}
		{06250ED3-E459-4FFD-92F2-9EBBC1B074A6} = {EC5B7ED9-69B8-4A91-BE23-C762618D0954}
	EndGlobalSection
EndGlobal
